
Microsoft Visual Studio Solution File, Format Version 12.00
# Visual Studio Version 16
VisualStudioVersion = 16.0.32413.511
MinimumVisualStudioVersion = 10.0.40219.1
Project("{FAE04EC0-301F-11D3-BF4B-00C04F79EFBC}") = "FaraPayamak", "FaraPayamak\FaraPayamak.csproj", "{814D2EE2-3807-4AEE-970D-254AD3F91849}"
EndProject
Global
	GlobalSection(SolutionConfigurationPlatforms) = preSolution
		Debug|Any CPU = Debug|Any CPU
		Release|Any CPU = Release|Any CPU
	EndGlobalSection
	GlobalSection(ProjectConfigurationPlatforms) = postSolution
		{814D2EE2-3807-4AEE-970D-254AD3F91849}.Debug|Any CPU.ActiveCfg = Debug|Any CPU
		{814D2EE2-3807-4AEE-970D-254AD3F91849}.Debug|Any CPU.Build.0 = Debug|Any CPU
		{814D2EE2-3807-4AEE-970D-254AD3F91849}.Release|Any CPU.ActiveCfg = Release|Any CPU
		{814D2EE2-3807-4AEE-970D-254AD3F91849}.Release|Any CPU.Build.0 = Release|Any CPU
	EndGlobalSection
	GlobalSection(SolutionProperties) = preSolution
		HideSolutionNode = FALSE
	EndGlobalSection
	GlobalSection(ExtensibilityGlobals) = postSolution
		SolutionGuid = {8FA22CD3-821A-43E2-AF55-7E9C7C99A2D2}
	EndGlobalSection
EndGlobal
